
Microsoft Visual Studio Solution File, Format Version 12.00
# Visual Studio Version 16
VisualStudioVersion = 16.0.31515.178
MinimumVisualStudioVersion = 10.0.40219.1
Project("{FAE04EC0-301F-11D3-BF4B-00C04F79EFBC}") = "while3", "while3\while3.csproj", "{4C4DE81F-BF91-4E55-9156-658DDE705AB8}"
EndProject
Global
	GlobalSection(SolutionConfigurationPlatforms) = preSolution
		Debug|Any CPU = Debug|Any CPU
		Release|Any CPU = Release|Any CPU
	EndGlobalSection
	GlobalSection(ProjectConfigurationPlatforms) = postSolution
		{4C4DE81F-BF91-4E55-9156-658DDE705AB8}.Debug|Any CPU.ActiveCfg = Debug|Any CPU
		{4C4DE81F-BF91-4E55-9156-658DDE705AB8}.Debug|Any CPU.Build.0 = Debug|Any CPU
		{4C4DE81F-BF91-4E55-9156-658DDE705AB8}.Release|Any CPU.ActiveCfg = Release|Any CPU
		{4C4DE81F-BF91-4E55-9156-658DDE705AB8}.Release|Any CPU.Build.0 = Release|Any CPU
	EndGlobalSection
	GlobalSection(SolutionProperties) = preSolution
		HideSolutionNode = FALSE
	EndGlobalSection
	GlobalSection(ExtensibilityGlobals) = postSolution
		SolutionGuid = {F55468A6-6497-4785-B281-444766BF89E5}
	EndGlobalSection
EndGlobal
