
Microsoft Visual Studio Solution File, Format Version 12.00
# Visual Studio Version 16
VisualStudioVersion = 16.0.31515.178
MinimumVisualStudioVersion = 10.0.40219.1
Project("{FAE04EC0-301F-11D3-BF4B-00C04F79EFBC}") = "vectorParaleloOrdenar", "vectorParaleloOrdenar\vectorParaleloOrdenar.csproj", "{C8FBF96C-9C5A-4D7A-859F-B612EA09E356}"
EndProject
Global
	GlobalSection(SolutionConfigurationPlatforms) = preSolution
		Debug|Any CPU = Debug|Any CPU
		Release|Any CPU = Release|Any CPU
	EndGlobalSection
	GlobalSection(ProjectConfigurationPlatforms) = postSolution
		{C8FBF96C-9C5A-4D7A-859F-B612EA09E356}.Debug|Any CPU.ActiveCfg = Debug|Any CPU
		{C8FBF96C-9C5A-4D7A-859F-B612EA09E356}.Debug|Any CPU.Build.0 = Debug|Any CPU
		{C8FBF96C-9C5A-4D7A-859F-B612EA09E356}.Release|Any CPU.ActiveCfg = Release|Any CPU
		{C8FBF96C-9C5A-4D7A-859F-B612EA09E356}.Release|Any CPU.Build.0 = Release|Any CPU
	EndGlobalSection
	GlobalSection(SolutionProperties) = preSolution
		HideSolutionNode = FALSE
	EndGlobalSection
	GlobalSection(ExtensibilityGlobals) = postSolution
		SolutionGuid = {A082F214-4E74-4982-97A3-F38FD58BA2B7}
	EndGlobalSection
EndGlobal
