
Microsoft Visual Studio Solution File, Format Version 12.00
# Visual Studio Version 16
VisualStudioVersion = 16.0.31515.178
MinimumVisualStudioVersion = 10.0.40219.1
Project("{FAE04EC0-301F-11D3-BF4B-00C04F79EFBC}") = "poo2", "poo2\poo2.csproj", "{D2A65D59-A708-4A85-AF33-CD54DDD1F20B}"
EndProject
Global
	GlobalSection(SolutionConfigurationPlatforms) = preSolution
		Debug|Any CPU = Debug|Any CPU
		Release|Any CPU = Release|Any CPU
	EndGlobalSection
	GlobalSection(ProjectConfigurationPlatforms) = postSolution
		{D2A65D59-A708-4A85-AF33-CD54DDD1F20B}.Debug|Any CPU.ActiveCfg = Debug|Any CPU
		{D2A65D59-A708-4A85-AF33-CD54DDD1F20B}.Debug|Any CPU.Build.0 = Debug|Any CPU
		{D2A65D59-A708-4A85-AF33-CD54DDD1F20B}.Release|Any CPU.ActiveCfg = Release|Any CPU
		{D2A65D59-A708-4A85-AF33-CD54DDD1F20B}.Release|Any CPU.Build.0 = Release|Any CPU
	EndGlobalSection
	GlobalSection(SolutionProperties) = preSolution
		HideSolutionNode = FALSE
	EndGlobalSection
	GlobalSection(ExtensibilityGlobals) = postSolution
		SolutionGuid = {5FFAA650-68FB-447E-9DF0-3BAB1F13988E}
	EndGlobalSection
EndGlobal
