
Microsoft Visual Studio Solution File, Format Version 12.00
# Visual Studio Version 16
VisualStudioVersion = 16.0.31515.178
MinimumVisualStudioVersion = 10.0.40219.1
Project("{FAE04EC0-301F-11D3-BF4B-00C04F79EFBC}") = "while2", "while2\while2.csproj", "{037FDE0E-AA61-4C97-BF67-89A5F2F00B51}"
EndProject
Global
	GlobalSection(SolutionConfigurationPlatforms) = preSolution
		Debug|Any CPU = Debug|Any CPU
		Release|Any CPU = Release|Any CPU
	EndGlobalSection
	GlobalSection(ProjectConfigurationPlatforms) = postSolution
		{037FDE0E-AA61-4C97-BF67-89A5F2F00B51}.Debug|Any CPU.ActiveCfg = Debug|Any CPU
		{037FDE0E-AA61-4C97-BF67-89A5F2F00B51}.Debug|Any CPU.Build.0 = Debug|Any CPU
		{037FDE0E-AA61-4C97-BF67-89A5F2F00B51}.Release|Any CPU.ActiveCfg = Release|Any CPU
		{037FDE0E-AA61-4C97-BF67-89A5F2F00B51}.Release|Any CPU.Build.0 = Release|Any CPU
	EndGlobalSection
	GlobalSection(SolutionProperties) = preSolution
		HideSolutionNode = FALSE
	EndGlobalSection
	GlobalSection(ExtensibilityGlobals) = postSolution
		SolutionGuid = {452197D6-1B57-49A6-A63D-2A15B0738A9F}
	EndGlobalSection
EndGlobal
