
Microsoft Visual Studio Solution File, Format Version 12.00
# Visual Studio Version 16
VisualStudioVersion = 16.0.31515.178
MinimumVisualStudioVersion = 10.0.40219.1
Project("{FAE04EC0-301F-11D3-BF4B-00C04F79EFBC}") = "for1", "for1\for1.csproj", "{DFB41B43-73F2-4713-AAF4-22A05677E596}"
EndProject
Global
	GlobalSection(SolutionConfigurationPlatforms) = preSolution
		Debug|Any CPU = Debug|Any CPU
		Release|Any CPU = Release|Any CPU
	EndGlobalSection
	GlobalSection(ProjectConfigurationPlatforms) = postSolution
		{DFB41B43-73F2-4713-AAF4-22A05677E596}.Debug|Any CPU.ActiveCfg = Debug|Any CPU
		{DFB41B43-73F2-4713-AAF4-22A05677E596}.Debug|Any CPU.Build.0 = Debug|Any CPU
		{DFB41B43-73F2-4713-AAF4-22A05677E596}.Release|Any CPU.ActiveCfg = Release|Any CPU
		{DFB41B43-73F2-4713-AAF4-22A05677E596}.Release|Any CPU.Build.0 = Release|Any CPU
	EndGlobalSection
	GlobalSection(SolutionProperties) = preSolution
		HideSolutionNode = FALSE
	EndGlobalSection
	GlobalSection(ExtensibilityGlobals) = postSolution
		SolutionGuid = {8C25A3DC-3823-455B-AE63-A95E7925E795}
	EndGlobalSection
EndGlobal
