
Microsoft Visual Studio Solution File, Format Version 12.00
# Visual Studio Version 16
VisualStudioVersion = 16.0.31515.178
MinimumVisualStudioVersion = 10.0.40219.1
Project("{FAE04EC0-301F-11D3-BF4B-00C04F79EFBC}") = "poo1", "poo1\poo1.csproj", "{97048C83-800A-4A77-B9BB-DA07D7EA6B01}"
EndProject
Global
	GlobalSection(SolutionConfigurationPlatforms) = preSolution
		Debug|Any CPU = Debug|Any CPU
		Release|Any CPU = Release|Any CPU
	EndGlobalSection
	GlobalSection(ProjectConfigurationPlatforms) = postSolution
		{97048C83-800A-4A77-B9BB-DA07D7EA6B01}.Debug|Any CPU.ActiveCfg = Debug|Any CPU
		{97048C83-800A-4A77-B9BB-DA07D7EA6B01}.Debug|Any CPU.Build.0 = Debug|Any CPU
		{97048C83-800A-4A77-B9BB-DA07D7EA6B01}.Release|Any CPU.ActiveCfg = Release|Any CPU
		{97048C83-800A-4A77-B9BB-DA07D7EA6B01}.Release|Any CPU.Build.0 = Release|Any CPU
	EndGlobalSection
	GlobalSection(SolutionProperties) = preSolution
		HideSolutionNode = FALSE
	EndGlobalSection
	GlobalSection(ExtensibilityGlobals) = postSolution
		SolutionGuid = {BF453A67-0905-45B5-BD40-50CB1C7D7227}
	EndGlobalSection
EndGlobal
