
Microsoft Visual Studio Solution File, Format Version 12.00
# Visual Studio Version 16
VisualStudioVersion = 16.0.31515.178
MinimumVisualStudioVersion = 10.0.40219.1
Project("{FAE04EC0-301F-11D3-BF4B-00C04F79EFBC}") = "vectorParalelo1", "vectorParalelo1\vectorParalelo1.csproj", "{03A02D1B-2F2C-4AAF-BA31-0025BE541702}"
EndProject
Global
	GlobalSection(SolutionConfigurationPlatforms) = preSolution
		Debug|Any CPU = Debug|Any CPU
		Release|Any CPU = Release|Any CPU
	EndGlobalSection
	GlobalSection(ProjectConfigurationPlatforms) = postSolution
		{03A02D1B-2F2C-4AAF-BA31-0025BE541702}.Debug|Any CPU.ActiveCfg = Debug|Any CPU
		{03A02D1B-2F2C-4AAF-BA31-0025BE541702}.Debug|Any CPU.Build.0 = Debug|Any CPU
		{03A02D1B-2F2C-4AAF-BA31-0025BE541702}.Release|Any CPU.ActiveCfg = Release|Any CPU
		{03A02D1B-2F2C-4AAF-BA31-0025BE541702}.Release|Any CPU.Build.0 = Release|Any CPU
	EndGlobalSection
	GlobalSection(SolutionProperties) = preSolution
		HideSolutionNode = FALSE
	EndGlobalSection
	GlobalSection(ExtensibilityGlobals) = postSolution
		SolutionGuid = {341D4CB4-452D-46FC-95E9-C8114B713AF3}
	EndGlobalSection
EndGlobal
